
Microsoft Visual Studio Solution File, Format Version 12.00
# Visual Studio Version 17
VisualStudioVersion = 17.10.34916.146
MinimumVisualStudioVersion = 10.0.40219.1
Project("{FAE04EC0-301F-11D3-BF4B-00C04F79EFBC}") = "GenericKavrami", "GenericKavrami\GenericKavrami.csproj", "{A6D410EA-A4D5-454A-B37A-E1E5CA046ED0}"
EndProject
Global
	GlobalSection(SolutionConfigurationPlatforms) = preSolution
		Debug|Any CPU = Debug|Any CPU
		Release|Any CPU = Release|Any CPU
	EndGlobalSection
	GlobalSection(ProjectConfigurationPlatforms) = postSolution
		{A6D410EA-A4D5-454A-B37A-E1E5CA046ED0}.Debug|Any CPU.ActiveCfg = Debug|Any CPU
		{A6D410EA-A4D5-454A-B37A-E1E5CA046ED0}.Debug|Any CPU.Build.0 = Debug|Any CPU
		{A6D410EA-A4D5-454A-B37A-E1E5CA046ED0}.Release|Any CPU.ActiveCfg = Release|Any CPU
		{A6D410EA-A4D5-454A-B37A-E1E5CA046ED0}.Release|Any CPU.Build.0 = Release|Any CPU
	EndGlobalSection
	GlobalSection(SolutionProperties) = preSolution
		HideSolutionNode = FALSE
	EndGlobalSection
	GlobalSection(ExtensibilityGlobals) = postSolution
		SolutionGuid = {C9F9BF22-CA53-4A93-A1B8-BC569FD92677}
	EndGlobalSection
EndGlobal
