
Microsoft Visual Studio Solution File, Format Version 12.00
# Visual Studio Version 17
VisualStudioVersion = 17.10.34916.146
MinimumVisualStudioVersion = 10.0.40219.1
Project("{FAE04EC0-301F-11D3-BF4B-00C04F79EFBC}") = "Koleksiyonlar", "Koleksiyonlar\Koleksiyonlar.csproj", "{20BB4FB0-6D7A-48B3-A550-20C857AF1116}"
EndProject
Global
	GlobalSection(SolutionConfigurationPlatforms) = preSolution
		Debug|Any CPU = Debug|Any CPU
		Release|Any CPU = Release|Any CPU
	EndGlobalSection
	GlobalSection(ProjectConfigurationPlatforms) = postSolution
		{20BB4FB0-6D7A-48B3-A550-20C857AF1116}.Debug|Any CPU.ActiveCfg = Debug|Any CPU
		{20BB4FB0-6D7A-48B3-A550-20C857AF1116}.Debug|Any CPU.Build.0 = Debug|Any CPU
		{20BB4FB0-6D7A-48B3-A550-20C857AF1116}.Release|Any CPU.ActiveCfg = Release|Any CPU
		{20BB4FB0-6D7A-48B3-A550-20C857AF1116}.Release|Any CPU.Build.0 = Release|Any CPU
	EndGlobalSection
	GlobalSection(SolutionProperties) = preSolution
		HideSolutionNode = FALSE
	EndGlobalSection
	GlobalSection(ExtensibilityGlobals) = postSolution
		SolutionGuid = {9A4478CB-7148-4C3B-A60D-924335A97637}
	EndGlobalSection
EndGlobal
